
Microsoft Visual Studio Solution File, Format Version 12.00
# Visual Studio 15
VisualStudioVersion = 15.0.27130.2027
MinimumVisualStudioVersion = 10.0.40219.1
Project("{FAE04EC0-301F-11D3-BF4B-00C04F79EFBC}") = "RickAndMorty", "RickAndMorty\RickAndMorty.csproj", "{CB3BA3F8-445C-4EF1-84FF-DF9C2E87EC75}"
EndProject
Project("{FAE04EC0-301F-11D3-BF4B-00C04F79EFBC}") = "Contracts", "Contracts\Contracts.csproj", "{6EEC5B7C-82DC-457B-9D9D-98B537E662ED}"
EndProject
Project("{FAE04EC0-301F-11D3-BF4B-00C04F79EFBC}") = "Implementations", "Implementations\Implementations.csproj", "{E03B5C13-817D-4510-8820-7E1524A61DA7}"
EndProject
Project("{FAE04EC0-301F-11D3-BF4B-00C04F79EFBC}") = "Engines", "Engines\Engines.csproj", "{F2454BBC-72BC-44A4-A7A6-590E43F3BFCC}"
EndProject
Project("{FAE04EC0-301F-11D3-BF4B-00C04F79EFBC}") = "Repositories", "Repositories\Repositories.csproj", "{969E7DF8-BBD1-4A04-8C0E-975443DAE57D}"
EndProject
Project("{FAE04EC0-301F-11D3-BF4B-00C04F79EFBC}") = "RickAndMortyTests", "RickAndMortyTests\RickAndMortyTests.csproj", "{776FF888-8859-45F6-826E-00A95BEEFB52}"
EndProject
Global
	GlobalSection(SolutionConfigurationPlatforms) = preSolution
		Debug|Any CPU = Debug|Any CPU
		Release|Any CPU = Release|Any CPU
	EndGlobalSection
	GlobalSection(ProjectConfigurationPlatforms) = postSolution
		{CB3BA3F8-445C-4EF1-84FF-DF9C2E87EC75}.Debug|Any CPU.ActiveCfg = Debug|Any CPU
		{CB3BA3F8-445C-4EF1-84FF-DF9C2E87EC75}.Debug|Any CPU.Build.0 = Debug|Any CPU
		{CB3BA3F8-445C-4EF1-84FF-DF9C2E87EC75}.Release|Any CPU.ActiveCfg = Release|Any CPU
		{CB3BA3F8-445C-4EF1-84FF-DF9C2E87EC75}.Release|Any CPU.Build.0 = Release|Any CPU
		{6EEC5B7C-82DC-457B-9D9D-98B537E662ED}.Debug|Any CPU.ActiveCfg = Debug|Any CPU
		{6EEC5B7C-82DC-457B-9D9D-98B537E662ED}.Debug|Any CPU.Build.0 = Debug|Any CPU
		{6EEC5B7C-82DC-457B-9D9D-98B537E662ED}.Release|Any CPU.ActiveCfg = Release|Any CPU
		{6EEC5B7C-82DC-457B-9D9D-98B537E662ED}.Release|Any CPU.Build.0 = Release|Any CPU
		{E03B5C13-817D-4510-8820-7E1524A61DA7}.Debug|Any CPU.ActiveCfg = Debug|Any CPU
		{E03B5C13-817D-4510-8820-7E1524A61DA7}.Debug|Any CPU.Build.0 = Debug|Any CPU
		{E03B5C13-817D-4510-8820-7E1524A61DA7}.Release|Any CPU.ActiveCfg = Release|Any CPU
		{E03B5C13-817D-4510-8820-7E1524A61DA7}.Release|Any CPU.Build.0 = Release|Any CPU
		{F2454BBC-72BC-44A4-A7A6-590E43F3BFCC}.Debug|Any CPU.ActiveCfg = Debug|Any CPU
		{F2454BBC-72BC-44A4-A7A6-590E43F3BFCC}.Debug|Any CPU.Build.0 = Debug|Any CPU
		{F2454BBC-72BC-44A4-A7A6-590E43F3BFCC}.Release|Any CPU.ActiveCfg = Release|Any CPU
		{F2454BBC-72BC-44A4-A7A6-590E43F3BFCC}.Release|Any CPU.Build.0 = Release|Any CPU
		{969E7DF8-BBD1-4A04-8C0E-975443DAE57D}.Debug|Any CPU.ActiveCfg = Debug|Any CPU
		{969E7DF8-BBD1-4A04-8C0E-975443DAE57D}.Debug|Any CPU.Build.0 = Debug|Any CPU
		{969E7DF8-BBD1-4A04-8C0E-975443DAE57D}.Release|Any CPU.ActiveCfg = Release|Any CPU
		{969E7DF8-BBD1-4A04-8C0E-975443DAE57D}.Release|Any CPU.Build.0 = Release|Any CPU
		{776FF888-8859-45F6-826E-00A95BEEFB52}.Debug|Any CPU.ActiveCfg = Debug|Any CPU
		{776FF888-8859-45F6-826E-00A95BEEFB52}.Debug|Any CPU.Build.0 = Debug|Any CPU
		{776FF888-8859-45F6-826E-00A95BEEFB52}.Release|Any CPU.ActiveCfg = Release|Any CPU
		{776FF888-8859-45F6-826E-00A95BEEFB52}.Release|Any CPU.Build.0 = Release|Any CPU
	EndGlobalSection
	GlobalSection(SolutionProperties) = preSolution
		HideSolutionNode = FALSE
	EndGlobalSection
	GlobalSection(ExtensibilityGlobals) = postSolution
		SolutionGuid = {D531ACC7-F76A-4824-BF8E-120938377AD8}
	EndGlobalSection
EndGlobal
